
Microsoft Visual Studio Solution File, Format Version 12.00
# Visual Studio Version 17
VisualStudioVersion = 17.9.34622.214
MinimumVisualStudioVersion = 10.0.40219.1
Project("{FAE04EC0-301F-11D3-BF4B-00C04F79EFBC}") = "SeleniumPracticalTask", "SeleniumPracticalTask\SeleniumPracticalTask.csproj", "{347754EA-AE4B-4327-A15E-4C930DC51CFA}"
EndProject
Global
	GlobalSection(SolutionConfigurationPlatforms) = preSolution
		Debug|Any CPU = Debug|Any CPU
		Release|Any CPU = Release|Any CPU
	EndGlobalSection
	GlobalSection(ProjectConfigurationPlatforms) = postSolution
		{347754EA-AE4B-4327-A15E-4C930DC51CFA}.Debug|Any CPU.ActiveCfg = Debug|Any CPU
		{347754EA-AE4B-4327-A15E-4C930DC51CFA}.Debug|Any CPU.Build.0 = Debug|Any CPU
		{347754EA-AE4B-4327-A15E-4C930DC51CFA}.Release|Any CPU.ActiveCfg = Release|Any CPU
		{347754EA-AE4B-4327-A15E-4C930DC51CFA}.Release|Any CPU.Build.0 = Release|Any CPU
	EndGlobalSection
	GlobalSection(SolutionProperties) = preSolution
		HideSolutionNode = FALSE
	EndGlobalSection
	GlobalSection(ExtensibilityGlobals) = postSolution
		SolutionGuid = {939DD431-ABC2-45EC-9D86-F8AEA1A3A591}
	EndGlobalSection
EndGlobal
