
Microsoft Visual Studio Solution File, Format Version 12.00
# Visual Studio Version 17
VisualStudioVersion = 17.9.34622.214
MinimumVisualStudioVersion = 10.0.40219.1
Project("{9A19103F-16F7-4668-BE54-9A1E7A4F7556}") = "Business", "SeleniumPracticalTask\Business.csproj", "{347754EA-AE4B-4327-A15E-4C930DC51CFA}"
EndProject
Project("{9A19103F-16F7-4668-BE54-9A1E7A4F7556}") = "Core", "Coree\Core.csproj", "{D7062769-C4E2-4F61-AEBE-8DF6606AB6FC}"
EndProject
Project("{9A19103F-16F7-4668-BE54-9A1E7A4F7556}") = "Tests", "Test\Tests.csproj", "{BA851FB5-F17C-4521-AF8F-42B31F6961EE}"
EndProject
Project("{2150E333-8FDC-42A3-9474-1A3956D46DE8}") = "Solution Items", "Solution Items", "{08E6B426-4751-444E-AE40-E979BC77FC2A}"
	ProjectSection(SolutionItems) = preProject
		pom.xml = pom.xml
	EndProjectSection
EndProject
Global
	GlobalSection(SolutionConfigurationPlatforms) = preSolution
		Debug|Any CPU = Debug|Any CPU
		Release|Any CPU = Release|Any CPU
	EndGlobalSection
	GlobalSection(ProjectConfigurationPlatforms) = postSolution
		{347754EA-AE4B-4327-A15E-4C930DC51CFA}.Debug|Any CPU.ActiveCfg = Debug|Any CPU
		{347754EA-AE4B-4327-A15E-4C930DC51CFA}.Debug|Any CPU.Build.0 = Debug|Any CPU
		{347754EA-AE4B-4327-A15E-4C930DC51CFA}.Release|Any CPU.ActiveCfg = Release|Any CPU
		{347754EA-AE4B-4327-A15E-4C930DC51CFA}.Release|Any CPU.Build.0 = Release|Any CPU
		{D7062769-C4E2-4F61-AEBE-8DF6606AB6FC}.Debug|Any CPU.ActiveCfg = Debug|Any CPU
		{D7062769-C4E2-4F61-AEBE-8DF6606AB6FC}.Debug|Any CPU.Build.0 = Debug|Any CPU
		{D7062769-C4E2-4F61-AEBE-8DF6606AB6FC}.Release|Any CPU.ActiveCfg = Release|Any CPU
		{D7062769-C4E2-4F61-AEBE-8DF6606AB6FC}.Release|Any CPU.Build.0 = Release|Any CPU
		{BA851FB5-F17C-4521-AF8F-42B31F6961EE}.Debug|Any CPU.ActiveCfg = Debug|Any CPU
		{BA851FB5-F17C-4521-AF8F-42B31F6961EE}.Debug|Any CPU.Build.0 = Debug|Any CPU
		{BA851FB5-F17C-4521-AF8F-42B31F6961EE}.Release|Any CPU.ActiveCfg = Release|Any CPU
		{BA851FB5-F17C-4521-AF8F-42B31F6961EE}.Release|Any CPU.Build.0 = Release|Any CPU
	EndGlobalSection
	GlobalSection(SolutionProperties) = preSolution
		HideSolutionNode = FALSE
	EndGlobalSection
	GlobalSection(ExtensibilityGlobals) = postSolution
		SolutionGuid = {939DD431-ABC2-45EC-9D86-F8AEA1A3A591}
	EndGlobalSection
EndGlobal
